
Microsoft Visual Studio Solution File, Format Version 12.00
# Visual Studio Version 16
VisualStudioVersion = 16.0.32602.291
MinimumVisualStudioVersion = 10.0.40219.1
Project("{9A19103F-16F7-4668-BE54-9A1E7A4F7556}") = "WebApi", "WebApi.csproj", "{0D51850B-58F7-4578-979B-2C8482FDC10F}"
EndProject
Global
	GlobalSection(SolutionConfigurationPlatforms) = preSolution
		Debug|Any CPU = Debug|Any CPU
		Release|Any CPU = Release|Any CPU
	EndGlobalSection
	GlobalSection(ProjectConfigurationPlatforms) = postSolution
		{0D51850B-58F7-4578-979B-2C8482FDC10F}.Debug|Any CPU.ActiveCfg = Debug|Any CPU
		{0D51850B-58F7-4578-979B-2C8482FDC10F}.Debug|Any CPU.Build.0 = Debug|Any CPU
		{0D51850B-58F7-4578-979B-2C8482FDC10F}.Release|Any CPU.ActiveCfg = Release|Any CPU
		{0D51850B-58F7-4578-979B-2C8482FDC10F}.Release|Any CPU.Build.0 = Release|Any CPU
	EndGlobalSection
	GlobalSection(SolutionProperties) = preSolution
		HideSolutionNode = FALSE
	EndGlobalSection
	GlobalSection(ExtensibilityGlobals) = postSolution
		SolutionGuid = {9DD12558-CD56-45C3-B709-F2647B8B07A5}
	EndGlobalSection
EndGlobal
