
Microsoft Visual Studio Solution File, Format Version 12.00
# Visual Studio Version 16
VisualStudioVersion = 16.0.32602.291
MinimumVisualStudioVersion = 10.0.40219.1
Project("{9A19103F-16F7-4668-BE54-9A1E7A4F7556}") = "WebApi", "WebApi.csproj", "{D0A66240-B172-468E-8A1C-CA4945B3CB4B}"
EndProject
Global
	GlobalSection(SolutionConfigurationPlatforms) = preSolution
		Debug|Any CPU = Debug|Any CPU
		Release|Any CPU = Release|Any CPU
	EndGlobalSection
	GlobalSection(ProjectConfigurationPlatforms) = postSolution
		{D0A66240-B172-468E-8A1C-CA4945B3CB4B}.Debug|Any CPU.ActiveCfg = Debug|Any CPU
		{D0A66240-B172-468E-8A1C-CA4945B3CB4B}.Debug|Any CPU.Build.0 = Debug|Any CPU
		{D0A66240-B172-468E-8A1C-CA4945B3CB4B}.Release|Any CPU.ActiveCfg = Release|Any CPU
		{D0A66240-B172-468E-8A1C-CA4945B3CB4B}.Release|Any CPU.Build.0 = Release|Any CPU
	EndGlobalSection
	GlobalSection(SolutionProperties) = preSolution
		HideSolutionNode = FALSE
	EndGlobalSection
	GlobalSection(ExtensibilityGlobals) = postSolution
		SolutionGuid = {B8680B87-97DE-42E5-A03A-7935A79DC439}
	EndGlobalSection
EndGlobal
